
Microsoft Visual Studio Solution File, Format Version 12.00
# Visual Studio Version 17
VisualStudioVersion = 17.0.31903.59
MinimumVisualStudioVersion = 10.0.40219.1
Project("{2150E333-8FDC-42A3-9474-1A3956D46DE8}") = "src", "src", "{C3123334-65AD-4D67-83DF-9D3932B5AD82}"
EndProject
Project("{FAE04EC0-301F-11D3-BF4B-00C04F79EFBC}") = "Program", "src\Program\Program.csproj", "{59CDA05F-205C-4880-8234-7966BEA62565}"
EndProject
Project("{FAE04EC0-301F-11D3-BF4B-00C04F79EFBC}") = "Library", "src\Library\Library.csproj", "{8800F14B-A920-4803-80BA-14672B09E820}"
EndProject
Global
	GlobalSection(SolutionConfigurationPlatforms) = preSolution
		Debug|Any CPU = Debug|Any CPU
		Release|Any CPU = Release|Any CPU
	EndGlobalSection
	GlobalSection(SolutionProperties) = preSolution
		HideSolutionNode = FALSE
	EndGlobalSection
	GlobalSection(ProjectConfigurationPlatforms) = postSolution
		{59CDA05F-205C-4880-8234-7966BEA62565}.Debug|Any CPU.ActiveCfg = Debug|Any CPU
		{59CDA05F-205C-4880-8234-7966BEA62565}.Debug|Any CPU.Build.0 = Debug|Any CPU
		{59CDA05F-205C-4880-8234-7966BEA62565}.Release|Any CPU.ActiveCfg = Release|Any CPU
		{59CDA05F-205C-4880-8234-7966BEA62565}.Release|Any CPU.Build.0 = Release|Any CPU
		{8800F14B-A920-4803-80BA-14672B09E820}.Debug|Any CPU.ActiveCfg = Debug|Any CPU
		{8800F14B-A920-4803-80BA-14672B09E820}.Debug|Any CPU.Build.0 = Debug|Any CPU
		{8800F14B-A920-4803-80BA-14672B09E820}.Release|Any CPU.ActiveCfg = Release|Any CPU
		{8800F14B-A920-4803-80BA-14672B09E820}.Release|Any CPU.Build.0 = Release|Any CPU
	EndGlobalSection
	GlobalSection(NestedProjects) = preSolution
		{59CDA05F-205C-4880-8234-7966BEA62565} = {C3123334-65AD-4D67-83DF-9D3932B5AD82}
		{8800F14B-A920-4803-80BA-14672B09E820} = {C3123334-65AD-4D67-83DF-9D3932B5AD82}
	EndGlobalSection
EndGlobal
